
Microsoft Visual Studio Solution File, Format Version 12.00
# Visual Studio 15
VisualStudioVersion = 15.0.28307.960
MinimumVisualStudioVersion = 10.0.40219.1
Project("{FAE04EC0-301F-11D3-BF4B-00C04F79EFBC}") = "Core", "Core\Core.csproj", "{990A1A27-AC36-4F50-8A9E-B4E9774F0951}"
EndProject
Project("{FAE04EC0-301F-11D3-BF4B-00C04F79EFBC}") = "DataAccess", "DataAccess\DataAccess.csproj", "{D3A2FB28-2C51-427C-A86A-A2B682057FDE}"
EndProject
Project("{FAE04EC0-301F-11D3-BF4B-00C04F79EFBC}") = "Entities", "Entities\Entities.csproj", "{BCEE1C64-D80A-4DDB-AAA3-F43330D2D8C7}"
EndProject
Project("{FAE04EC0-301F-11D3-BF4B-00C04F79EFBC}") = "Business", "Business\Business.csproj", "{C6F73D94-5215-4B84-9FFC-5ED0F26F6065}"
EndProject
Project("{FAE04EC0-301F-11D3-BF4B-00C04F79EFBC}") = "Proje", "Proje\Proje.csproj", "{BEB191B1-5F06-40E3-845C-9EAA2E5A9409}"
EndProject
Global
	GlobalSection(SolutionConfigurationPlatforms) = preSolution
		Debug|Any CPU = Debug|Any CPU
		Release|Any CPU = Release|Any CPU
	EndGlobalSection
	GlobalSection(ProjectConfigurationPlatforms) = postSolution
		{990A1A27-AC36-4F50-8A9E-B4E9774F0951}.Debug|Any CPU.ActiveCfg = Debug|Any CPU
		{990A1A27-AC36-4F50-8A9E-B4E9774F0951}.Debug|Any CPU.Build.0 = Debug|Any CPU
		{990A1A27-AC36-4F50-8A9E-B4E9774F0951}.Release|Any CPU.ActiveCfg = Release|Any CPU
		{990A1A27-AC36-4F50-8A9E-B4E9774F0951}.Release|Any CPU.Build.0 = Release|Any CPU
		{D3A2FB28-2C51-427C-A86A-A2B682057FDE}.Debug|Any CPU.ActiveCfg = Debug|Any CPU
		{D3A2FB28-2C51-427C-A86A-A2B682057FDE}.Debug|Any CPU.Build.0 = Debug|Any CPU
		{D3A2FB28-2C51-427C-A86A-A2B682057FDE}.Release|Any CPU.ActiveCfg = Release|Any CPU
		{D3A2FB28-2C51-427C-A86A-A2B682057FDE}.Release|Any CPU.Build.0 = Release|Any CPU
		{BCEE1C64-D80A-4DDB-AAA3-F43330D2D8C7}.Debug|Any CPU.ActiveCfg = Debug|Any CPU
		{BCEE1C64-D80A-4DDB-AAA3-F43330D2D8C7}.Debug|Any CPU.Build.0 = Debug|Any CPU
		{BCEE1C64-D80A-4DDB-AAA3-F43330D2D8C7}.Release|Any CPU.ActiveCfg = Release|Any CPU
		{BCEE1C64-D80A-4DDB-AAA3-F43330D2D8C7}.Release|Any CPU.Build.0 = Release|Any CPU
		{C6F73D94-5215-4B84-9FFC-5ED0F26F6065}.Debug|Any CPU.ActiveCfg = Debug|Any CPU
		{C6F73D94-5215-4B84-9FFC-5ED0F26F6065}.Debug|Any CPU.Build.0 = Debug|Any CPU
		{C6F73D94-5215-4B84-9FFC-5ED0F26F6065}.Release|Any CPU.ActiveCfg = Release|Any CPU
		{C6F73D94-5215-4B84-9FFC-5ED0F26F6065}.Release|Any CPU.Build.0 = Release|Any CPU
		{BEB191B1-5F06-40E3-845C-9EAA2E5A9409}.Debug|Any CPU.ActiveCfg = Debug|Any CPU
		{BEB191B1-5F06-40E3-845C-9EAA2E5A9409}.Debug|Any CPU.Build.0 = Debug|Any CPU
		{BEB191B1-5F06-40E3-845C-9EAA2E5A9409}.Release|Any CPU.ActiveCfg = Release|Any CPU
		{BEB191B1-5F06-40E3-845C-9EAA2E5A9409}.Release|Any CPU.Build.0 = Release|Any CPU
	EndGlobalSection
	GlobalSection(SolutionProperties) = preSolution
		HideSolutionNode = FALSE
	EndGlobalSection
	GlobalSection(ExtensibilityGlobals) = postSolution
		SolutionGuid = {571F02F5-F3BD-47AD-8394-E02E6032B1DB}
	EndGlobalSection
EndGlobal
